---
ID: b64c73f7-df4c-4456-91b0-ee7aca3f9f09
Parent: a04cdce7-bda3-4262-8650-3db80cc9ecc4
Template: a473cbd2-4e48-41b3-8b1b-5695daf90b5c
Path: /sitecore/system/Settings/Html Editor Profiles/Rich Text IDE/Toolbar 3/Format Block
DB: core
BranchID: b9ed3ccb-9ec5-4c8c-825b-3dbc2eb0e676
SharedFields:
- ID: 8d4f1b9f-d46b-4842-845d-4a3795da1c0b
  Hint: Click
  Value: FormatBlock
- ID: ba3f86a2-4a1c-4d78-b63d-91c2779c1b5e
  Hint: __Sortorder
  Value: 30
Languages:
- Language: da
  Fields:
  - ID: b5e02ad9-d56f-4c41-a065-a133db87bdeb
    Hint: __Display name
    Value: Formatér blok
  Versions:
  - Version: 1
    Fields:
    - ID: 25bed78c-4957-4165-998a-ca1b52f67497
      Hint: __Created
      Value: 20151003T031113Z
    - ID: 5dd74568-4d4b-44c1-b513-0af5f4cda34f
      Hint: __Created by
      Value: sitecore\admin
- Language: de-DE
  Fields:
  - ID: b5e02ad9-d56f-4c41-a065-a133db87bdeb
    Hint: __Display name
    Value: Format Block
  Versions:
  - Version: 1
    Fields:
    - ID: 25bed78c-4957-4165-998a-ca1b52f67497
      Hint: __Created
      Value: 20151003T030824Z
    - ID: 5dd74568-4d4b-44c1-b513-0af5f4cda34f
      Hint: __Created by
      Value: sitecore\admin
- Language: en
  Versions:
  - Version: 1
    Fields:
    - ID: 25bed78c-4957-4165-998a-ca1b52f67497
      Hint: __Created
      Value: 20060201T122120
    - ID: 5dd74568-4d4b-44c1-b513-0af5f4cda34f
      Hint: __Created by
      Value: sitecore\Admin
    - ID: c8f93afe-bfd4-4e8f-9c61-152559854661
      Hint: __Valid from
      Value: 20060201T122120
- Language: ja-JP
  Fields:
  - ID: b5e02ad9-d56f-4c41-a065-a133db87bdeb
    Hint: __Display name
    Value: ブロックを整形
  Versions:
  - Version: 1
    Fields:
    - ID: 25bed78c-4957-4165-998a-ca1b52f67497
      Hint: __Created
      Value: 20151003T030954Z
    - ID: 5dd74568-4d4b-44c1-b513-0af5f4cda34f
      Hint: __Created by
      Value: sitecore\admin
