
Microsoft Visual Studio Solution File, Format Version 12.00
# Visual Studio 14
VisualStudioVersion = 14.0.25123.0
MinimumVisualStudioVersion = 10.0.40219.1
Project("{2150E333-8FDC-42A3-9474-1A3956D46DE8}") = "CMS", "CMS", "{B42D66EC-2632-425E-97EC-FDBCECF36DDA}"
EndProject
Project("{FAE04EC0-301F-11D3-BF4B-00C04F79EFBC}") = "Paradise.CMS", "Paradise.CMS\Paradise.CMS.csproj", "{A6688BE4-B5F9-4E88-A622-92130862529B}"
EndProject
Project("{FAE04EC0-301F-11D3-BF4B-00C04F79EFBC}") = "Paradise.CMS.Tests", "Paradise.CMS.Tests\Paradise.CMS.Tests.csproj", "{681747EC-C654-4581-8237-784FA01F764C}"
EndProject
Project("{2150E333-8FDC-42A3-9474-1A3956D46DE8}") = "Security", "Security", "{6A7DEDEA-ACE7-4CD2-9313-DCF08CE85B6E}"
EndProject
Project("{FAE04EC0-301F-11D3-BF4B-00C04F79EFBC}") = "IdentityServer.Web", "IdentityServer.Web\IdentityServer.Web.csproj", "{AA4A0D97-AC0D-4393-9DBF-AA3953BE63A5}"
EndProject
Project("{FAE04EC0-301F-11D3-BF4B-00C04F79EFBC}") = "SecuredClient.Web", "SecuredClient.Web\SecuredClient.Web.csproj", "{B81AD652-19AD-40EF-8FDB-AF5D7FDD5156}"
EndProject
Project("{2150E333-8FDC-42A3-9474-1A3956D46DE8}") = "Redis", "Redis", "{54F18646-555E-492A-AFE1-368D246B8075}"
EndProject
Project("{FAE04EC0-301F-11D3-BF4B-00C04F79EFBC}") = "RedisClient", "RedisClient\RedisClient.csproj", "{B9FFA064-4997-46AE-BD41-FF549195FAF1}"
EndProject
Global
	GlobalSection(SolutionConfigurationPlatforms) = preSolution
		Debug|Any CPU = Debug|Any CPU
		Release|Any CPU = Release|Any CPU
	EndGlobalSection
	GlobalSection(ProjectConfigurationPlatforms) = postSolution
		{A6688BE4-B5F9-4E88-A622-92130862529B}.Debug|Any CPU.ActiveCfg = Debug|Any CPU
		{A6688BE4-B5F9-4E88-A622-92130862529B}.Debug|Any CPU.Build.0 = Debug|Any CPU
		{A6688BE4-B5F9-4E88-A622-92130862529B}.Release|Any CPU.ActiveCfg = Release|Any CPU
		{A6688BE4-B5F9-4E88-A622-92130862529B}.Release|Any CPU.Build.0 = Release|Any CPU
		{681747EC-C654-4581-8237-784FA01F764C}.Debug|Any CPU.ActiveCfg = Debug|Any CPU
		{681747EC-C654-4581-8237-784FA01F764C}.Debug|Any CPU.Build.0 = Debug|Any CPU
		{681747EC-C654-4581-8237-784FA01F764C}.Release|Any CPU.ActiveCfg = Release|Any CPU
		{681747EC-C654-4581-8237-784FA01F764C}.Release|Any CPU.Build.0 = Release|Any CPU
		{AA4A0D97-AC0D-4393-9DBF-AA3953BE63A5}.Debug|Any CPU.ActiveCfg = Debug|Any CPU
		{AA4A0D97-AC0D-4393-9DBF-AA3953BE63A5}.Debug|Any CPU.Build.0 = Debug|Any CPU
		{AA4A0D97-AC0D-4393-9DBF-AA3953BE63A5}.Release|Any CPU.ActiveCfg = Release|Any CPU
		{AA4A0D97-AC0D-4393-9DBF-AA3953BE63A5}.Release|Any CPU.Build.0 = Release|Any CPU
		{B81AD652-19AD-40EF-8FDB-AF5D7FDD5156}.Debug|Any CPU.ActiveCfg = Debug|Any CPU
		{B81AD652-19AD-40EF-8FDB-AF5D7FDD5156}.Debug|Any CPU.Build.0 = Debug|Any CPU
		{B81AD652-19AD-40EF-8FDB-AF5D7FDD5156}.Release|Any CPU.ActiveCfg = Release|Any CPU
		{B81AD652-19AD-40EF-8FDB-AF5D7FDD5156}.Release|Any CPU.Build.0 = Release|Any CPU
		{B9FFA064-4997-46AE-BD41-FF549195FAF1}.Debug|Any CPU.ActiveCfg = Debug|Any CPU
		{B9FFA064-4997-46AE-BD41-FF549195FAF1}.Debug|Any CPU.Build.0 = Debug|Any CPU
		{B9FFA064-4997-46AE-BD41-FF549195FAF1}.Release|Any CPU.ActiveCfg = Release|Any CPU
		{B9FFA064-4997-46AE-BD41-FF549195FAF1}.Release|Any CPU.Build.0 = Release|Any CPU
	EndGlobalSection
	GlobalSection(SolutionProperties) = preSolution
		HideSolutionNode = FALSE
	EndGlobalSection
	GlobalSection(NestedProjects) = preSolution
		{A6688BE4-B5F9-4E88-A622-92130862529B} = {B42D66EC-2632-425E-97EC-FDBCECF36DDA}
		{681747EC-C654-4581-8237-784FA01F764C} = {B42D66EC-2632-425E-97EC-FDBCECF36DDA}
		{AA4A0D97-AC0D-4393-9DBF-AA3953BE63A5} = {6A7DEDEA-ACE7-4CD2-9313-DCF08CE85B6E}
		{B81AD652-19AD-40EF-8FDB-AF5D7FDD5156} = {6A7DEDEA-ACE7-4CD2-9313-DCF08CE85B6E}
		{B9FFA064-4997-46AE-BD41-FF549195FAF1} = {54F18646-555E-492A-AFE1-368D246B8075}
	EndGlobalSection
	GlobalSection(ExtensibilityGlobals) = postSolution
		EnterpriseLibraryConfigurationToolBinariesPath = packages\TransientFaultHandling.Core.5.1.1209.1\lib\NET4;packages\Unity.2.1.505.0\lib\NET35;packages\Unity.Interception.2.1.505.0\lib\NET35;packages\EnterpriseLibrary.Common.5.0.505.0\lib\NET35;packages\EnterpriseLibrary.WindowsAzure.TransientFaultHandling.5.1.1212.0\lib\NET4;packages\EnterpriseLibrary.WindowsAzure.TransientFaultHandling.5.1.1212.0\DesignTime
	EndGlobalSection
EndGlobal
